// !$*UTF8*$!
{
	archiveVersion = 1;
	classes = {
	};
	objectVersion = 56;
	objects = {

/* Begin PBXBuildFile section */
		C24CF2812ACF1C4300C8EFE4 /* SearchViewModel.swift in Sources */ = {isa = PBXBuildFile; fileRef = C24CF2802ACF1C4300C8EFE4 /* SearchViewModel.swift */; };
		C24CF2842ACF34E600C8EFE4 /* SearchMovieCell.swift in Sources */ = {isa = PBXBuildFile; fileRef = C24CF2832ACF34E600C8EFE4 /* SearchMovieCell.swift */; };
		C24CF2862ACF34F100C8EFE4 /* SearchMovieViewModel.swift in Sources */ = {isa = PBXBuildFile; fileRef = C24CF2852ACF34F100C8EFE4 /* SearchMovieViewModel.swift */; };
		C2B4ED842ACB281300314A5B /* SDWebImage in Frameworks */ = {isa = PBXBuildFile; productRef = C2B4ED832ACB281300314A5B /* SDWebImage */; };
		C2B4ED862ACB2B2700314A5B /* MovieViewModel.swift in Sources */ = {isa = PBXBuildFile; fileRef = C2B4ED852ACB2B2700314A5B /* MovieViewModel.swift */; };
		C2B4ED882ACB2CD500314A5B /* CarouselViewModel.swift in Sources */ = {isa = PBXBuildFile; fileRef = C2B4ED872ACB2CD500314A5B /* CarouselViewModel.swift */; };
		C2B91F212ACADA1300793947 /* AppDelegate.swift in Sources */ = {isa = PBXBuildFile; fileRef = C2B91F202ACADA1300793947 /* AppDelegate.swift */; };
		C2B91F232ACADA1300793947 /* SceneDelegate.swift in Sources */ = {isa = PBXBuildFile; fileRef = C2B91F222ACADA1300793947 /* SceneDelegate.swift */; };
		C2B91F2A2ACADA1500793947 /* Assets.xcassets in Resources */ = {isa = PBXBuildFile; fileRef = C2B91F292ACADA1500793947 /* Assets.xcassets */; };
		C2B91F2D2ACADA1500793947 /* LaunchScreen.storyboard in Resources */ = {isa = PBXBuildFile; fileRef = C2B91F2B2ACADA1500793947 /* LaunchScreen.storyboard */; };
		C2B91F3B2ACADB0700793947 /* HomeController.swift in Sources */ = {isa = PBXBuildFile; fileRef = C2B91F3A2ACADB0700793947 /* HomeController.swift */; };
		C2B91F3D2ACADCF500793947 /* Extensions.swift in Sources */ = {isa = PBXBuildFile; fileRef = C2B91F3C2ACADCF500793947 /* Extensions.swift */; };
		C2B91F3F2ACAE3A700793947 /* Main.storyboard in Resources */ = {isa = PBXBuildFile; fileRef = C2B91F3E2ACAE3A700793947 /* Main.storyboard */; };
		C2B91F412ACAE44F00793947 /* MainTabController.swift in Sources */ = {isa = PBXBuildFile; fileRef = C2B91F402ACAE44F00793947 /* MainTabController.swift */; };
		C2B91F432ACAE56F00793947 /* SearchController.swift in Sources */ = {isa = PBXBuildFile; fileRef = C2B91F422ACAE56F00793947 /* SearchController.swift */; };
		C2B91F452ACAF71100793947 /* CarouselViewCell.swift in Sources */ = {isa = PBXBuildFile; fileRef = C2B91F442ACAF71100793947 /* CarouselViewCell.swift */; };
		C2B91F472ACB003900793947 /* HomeViewModel.swift in Sources */ = {isa = PBXBuildFile; fileRef = C2B91F462ACB003900793947 /* HomeViewModel.swift */; };
		C2B91F4A2ACB09FD00793947 /* MovieService.swift in Sources */ = {isa = PBXBuildFile; fileRef = C2B91F492ACB09FD00793947 /* MovieService.swift */; };
		C2B91F4C2ACB0A3200793947 /* Constants.swift in Sources */ = {isa = PBXBuildFile; fileRef = C2B91F4B2ACB0A3200793947 /* Constants.swift */; };
		C2B91F502ACB15CA00793947 /* Movie.swift in Sources */ = {isa = PBXBuildFile; fileRef = C2B91F4F2ACB15CA00793947 /* Movie.swift */; };
		C2B91F562ACB252800793947 /* MovieViewCell.swift in Sources */ = {isa = PBXBuildFile; fileRef = C2B91F552ACB252800793947 /* MovieViewCell.swift */; };
		C2CF91912ACDA4D600CB82FC /* InspectorController.swift in Sources */ = {isa = PBXBuildFile; fileRef = C2CF91902ACDA4D600CB82FC /* InspectorController.swift */; };
		C2CF91952ACDA56D00CB82FC /* InspectorViewModel.swift in Sources */ = {isa = PBXBuildFile; fileRef = C2CF91942ACDA56D00CB82FC /* InspectorViewModel.swift */; };
/* End PBXBuildFile section */

/* Begin PBXFileReference section */
		C24CF2802ACF1C4300C8EFE4 /* SearchViewModel.swift */ = {isa = PBXFileReference; lastKnownFileType = sourcecode.swift; path = SearchViewModel.swift; sourceTree = "<group>"; };
		C24CF2832ACF34E600C8EFE4 /* SearchMovieCell.swift */ = {isa = PBXFileReference; lastKnownFileType = sourcecode.swift; path = SearchMovieCell.swift; sourceTree = "<group>"; };
		C24CF2852ACF34F100C8EFE4 /* SearchMovieViewModel.swift */ = {isa = PBXFileReference; lastKnownFileType = sourcecode.swift; path = SearchMovieViewModel.swift; sourceTree = "<group>"; };
		C2B4ED852ACB2B2700314A5B /* MovieViewModel.swift */ = {isa = PBXFileReference; lastKnownFileType = sourcecode.swift; path = MovieViewModel.swift; sourceTree = "<group>"; };
		C2B4ED872ACB2CD500314A5B /* CarouselViewModel.swift */ = {isa = PBXFileReference; lastKnownFileType = sourcecode.swift; path = CarouselViewModel.swift; sourceTree = "<group>"; };
		C2B91F1D2ACADA1300793947 /* FilmHubb.app */ = {isa = PBXFileReference; explicitFileType = wrapper.application; includeInIndex = 0; path = FilmHubb.app; sourceTree = BUILT_PRODUCTS_DIR; };
		C2B91F202ACADA1300793947 /* AppDelegate.swift */ = {isa = PBXFileReference; lastKnownFileType = sourcecode.swift; path = AppDelegate.swift; sourceTree = "<group>"; };
		C2B91F222ACADA1300793947 /* SceneDelegate.swift */ = {isa = PBXFileReference; lastKnownFileType = sourcecode.swift; path = SceneDelegate.swift; sourceTree = "<group>"; };
		C2B91F292ACADA1500793947 /* Assets.xcassets */ = {isa = PBXFileReference; lastKnownFileType = folder.assetcatalog; path = Assets.xcassets; sourceTree = "<group>"; };
		C2B91F2C2ACADA1500793947 /* Base */ = {isa = PBXFileReference; lastKnownFileType = file.storyboard; name = Base; path = Base.lproj/LaunchScreen.storyboard; sourceTree = "<group>"; };
		C2B91F2E2ACADA1500793947 /* Info.plist */ = {isa = PBXFileReference; lastKnownFileType = text.plist.xml; path = Info.plist; sourceTree = "<group>"; };
		C2B91F3A2ACADB0700793947 /* HomeController.swift */ = {isa = PBXFileReference; lastKnownFileType = sourcecode.swift; path = HomeController.swift; sourceTree = "<group>"; };
		C2B91F3C2ACADCF500793947 /* Extensions.swift */ = {isa = PBXFileReference; lastKnownFileType = sourcecode.swift; path = Extensions.swift; sourceTree = "<group>"; };
		C2B91F3E2ACAE3A700793947 /* Main.storyboard */ = {isa = PBXFileReference; lastKnownFileType = file.storyboard; path = Main.storyboard; sourceTree = "<group>"; };
		C2B91F402ACAE44F00793947 /* MainTabController.swift */ = {isa = PBXFileReference; lastKnownFileType = sourcecode.swift; path = MainTabController.swift; sourceTree = "<group>"; };
		C2B91F422ACAE56F00793947 /* SearchController.swift */ = {isa = PBXFileReference; lastKnownFileType = sourcecode.swift; path = SearchController.swift; sourceTree = "<group>"; };
		C2B91F442ACAF71100793947 /* CarouselViewCell.swift */ = {isa = PBXFileReference; lastKnownFileType = sourcecode.swift; path = CarouselViewCell.swift; sourceTree = "<group>"; };
		C2B91F462ACB003900793947 /* HomeViewModel.swift */ = {isa = PBXFileReference; lastKnownFileType = sourcecode.swift; path = HomeViewModel.swift; sourceTree = "<group>"; };
		C2B91F492ACB09FD00793947 /* MovieService.swift */ = {isa = PBXFileReference; lastKnownFileType = sourcecode.swift; path = MovieService.swift; sourceTree = "<group>"; };
		C2B91F4B2ACB0A3200793947 /* Constants.swift */ = {isa = PBXFileReference; lastKnownFileType = sourcecode.swift; path = Constants.swift; sourceTree = "<group>"; };
		C2B91F4F2ACB15CA00793947 /* Movie.swift */ = {isa = PBXFileReference; lastKnownFileType = sourcecode.swift; path = Movie.swift; sourceTree = "<group>"; };
		C2B91F552ACB252800793947 /* MovieViewCell.swift */ = {isa = PBXFileReference; lastKnownFileType = sourcecode.swift; path = MovieViewCell.swift; sourceTree = "<group>"; };
		C2CF91902ACDA4D600CB82FC /* InspectorController.swift */ = {isa = PBXFileReference; lastKnownFileType = sourcecode.swift; path = InspectorController.swift; sourceTree = "<group>"; };
		C2CF91942ACDA56D00CB82FC /* InspectorViewModel.swift */ = {isa = PBXFileReference; lastKnownFileType = sourcecode.swift; path = InspectorViewModel.swift; sourceTree = "<group>"; };
/* End PBXFileReference section */

/* Begin PBXFrameworksBuildPhase section */
		C2B91F1A2ACADA1300793947 /* Frameworks */ = {
			isa = PBXFrameworksBuildPhase;
			buildActionMask = 2147483647;
			files = (
				C2B4ED842ACB281300314A5B /* SDWebImage in Frameworks */,
			);
			runOnlyForDeploymentPostprocessing = 0;
		};
/* End PBXFrameworksBuildPhase section */

/* Begin PBXGroup section */
		C24CF2822ACF1C4800C8EFE4 /* Search */ = {
			isa = PBXGroup;
			children = (
				C2B91F422ACAE56F00793947 /* SearchController.swift */,
				C24CF2802ACF1C4300C8EFE4 /* SearchViewModel.swift */,
			);
			path = Search;
			sourceTree = "<group>";
		};
		C24CF2872ACF34F700C8EFE4 /* SearchCell */ = {
			isa = PBXGroup;
			children = (
				C24CF2832ACF34E600C8EFE4 /* SearchMovieCell.swift */,
				C24CF2852ACF34F100C8EFE4 /* SearchMovieViewModel.swift */,
			);
			path = SearchCell;
			sourceTree = "<group>";
		};
		C2B91F142ACADA1300793947 = {
			isa = PBXGroup;
			children = (
				C2B91F1F2ACADA1300793947 /* FilmHubb */,
				C2B91F1E2ACADA1300793947 /* Products */,
			);
			sourceTree = "<group>";
		};
		C2B91F1E2ACADA1300793947 /* Products */ = {
			isa = PBXGroup;
			children = (
				C2B91F1D2ACADA1300793947 /* FilmHubb.app */,
			);
			name = Products;
			sourceTree = "<group>";
		};
		C2B91F1F2ACADA1300793947 /* FilmHubb */ = {
			isa = PBXGroup;
			children = (
				C2B91F372ACADA2900793947 /* Model */,
				C2B91F362ACADA2500793947 /* View */,
				C2B91F352ACADA2300793947 /* Modules */,
				C2B91F382ACADA3E00793947 /* Services */,
				C2B91F392ACADA4000793947 /* Utils */,
				C2B91F202ACADA1300793947 /* AppDelegate.swift */,
				C2B91F222ACADA1300793947 /* SceneDelegate.swift */,
				C2B91F292ACADA1500793947 /* Assets.xcassets */,
				C2B91F3E2ACAE3A700793947 /* Main.storyboard */,
				C2B91F2B2ACADA1500793947 /* LaunchScreen.storyboard */,
				C2B91F2E2ACADA1500793947 /* Info.plist */,
			);
			path = FilmHubb;
			sourceTree = "<group>";
		};
		C2B91F352ACADA2300793947 /* Modules */ = {
			isa = PBXGroup;
			children = (
				C2B91F402ACAE44F00793947 /* MainTabController.swift */,
				C2B91F482ACB003D00793947 /* Home */,
				C24CF2822ACF1C4800C8EFE4 /* Search */,
				C2CF918F2ACDA4BC00CB82FC /* Inspector */,
			);
			path = Modules;
			sourceTree = "<group>";
		};
		C2B91F362ACADA2500793947 /* View */ = {
			isa = PBXGroup;
			children = (
				C2B91F542ACB251900793947 /* MovieView */,
				C2B91F532ACB250F00793947 /* Carousel */,
				C24CF2872ACF34F700C8EFE4 /* SearchCell */,
			);
			path = View;
			sourceTree = "<group>";
		};
		C2B91F372ACADA2900793947 /* Model */ = {
			isa = PBXGroup;
			children = (
				C2B91F4F2ACB15CA00793947 /* Movie.swift */,
			);
			path = Model;
			sourceTree = "<group>";
		};
		C2B91F382ACADA3E00793947 /* Services */ = {
			isa = PBXGroup;
			children = (
				C2B91F492ACB09FD00793947 /* MovieService.swift */,
			);
			path = Services;
			sourceTree = "<group>";
		};
		C2B91F392ACADA4000793947 /* Utils */ = {
			isa = PBXGroup;
			children = (
				C2B91F3C2ACADCF500793947 /* Extensions.swift */,
				C2B91F4B2ACB0A3200793947 /* Constants.swift */,
			);
			path = Utils;
			sourceTree = "<group>";
		};
		C2B91F482ACB003D00793947 /* Home */ = {
			isa = PBXGroup;
			children = (
				C2B91F3A2ACADB0700793947 /* HomeController.swift */,
				C2B91F462ACB003900793947 /* HomeViewModel.swift */,
			);
			path = Home;
			sourceTree = "<group>";
		};
		C2B91F532ACB250F00793947 /* Carousel */ = {
			isa = PBXGroup;
			children = (
				C2B91F442ACAF71100793947 /* CarouselViewCell.swift */,
				C2B4ED872ACB2CD500314A5B /* CarouselViewModel.swift */,
			);
			path = Carousel;
			sourceTree = "<group>";
		};
		C2B91F542ACB251900793947 /* MovieView */ = {
			isa = PBXGroup;
			children = (
				C2B91F552ACB252800793947 /* MovieViewCell.swift */,
				C2B4ED852ACB2B2700314A5B /* MovieViewModel.swift */,
			);
			path = MovieView;
			sourceTree = "<group>";
		};
		C2CF918F2ACDA4BC00CB82FC /* Inspector */ = {
			isa = PBXGroup;
			children = (
				C2CF91902ACDA4D600CB82FC /* InspectorController.swift */,
				C2CF91942ACDA56D00CB82FC /* InspectorViewModel.swift */,
			);
			path = Inspector;
			sourceTree = "<group>";
		};
/* End PBXGroup section */

/* Begin PBXNativeTarget section */
		C2B91F1C2ACADA1300793947 /* FilmHubb */ = {
			isa = PBXNativeTarget;
			buildConfigurationList = C2B91F312ACADA1500793947 /* Build configuration list for PBXNativeTarget "FilmHubb" */;
			buildPhases = (
				C2B91F192ACADA1300793947 /* Sources */,
				C2B91F1A2ACADA1300793947 /* Frameworks */,
				C2B91F1B2ACADA1300793947 /* Resources */,
			);
			buildRules = (
			);
			dependencies = (
			);
			name = FilmHubb;
			packageProductDependencies = (
				C2B4ED832ACB281300314A5B /* SDWebImage */,
			);
			productName = FilmHubb;
			productReference = C2B91F1D2ACADA1300793947 /* FilmHubb.app */;
			productType = "com.apple.product-type.application";
		};
/* End PBXNativeTarget section */

/* Begin PBXProject section */
		C2B91F152ACADA1300793947 /* Project object */ = {
			isa = PBXProject;
			attributes = {
				BuildIndependentTargetsInParallel = 1;
				LastSwiftUpdateCheck = 1430;
				LastUpgradeCheck = 1430;
				TargetAttributes = {
					C2B91F1C2ACADA1300793947 = {
						CreatedOnToolsVersion = 14.3.1;
					};
				};
			};
			buildConfigurationList = C2B91F182ACADA1300793947 /* Build configuration list for PBXProject "FilmHubb" */;
			compatibilityVersion = "Xcode 14.0";
			developmentRegion = en;
			hasScannedForEncodings = 0;
			knownRegions = (
				en,
				Base,
			);
			mainGroup = C2B91F142ACADA1300793947;
			packageReferences = (
				C2B4ED822ACB281300314A5B /* XCRemoteSwiftPackageReference "SDWebImage" */,
			);
			productRefGroup = C2B91F1E2ACADA1300793947 /* Products */;
			projectDirPath = "";
			projectRoot = "";
			targets = (
				C2B91F1C2ACADA1300793947 /* FilmHubb */,
			);
		};
/* End PBXProject section */

/* Begin PBXResourcesBuildPhase section */
		C2B91F1B2ACADA1300793947 /* Resources */ = {
			isa = PBXResourcesBuildPhase;
			buildActionMask = 2147483647;
			files = (
				C2B91F3F2ACAE3A700793947 /* Main.storyboard in Resources */,
				C2B91F2D2ACADA1500793947 /* LaunchScreen.storyboard in Resources */,
				C2B91F2A2ACADA1500793947 /* Assets.xcassets in Resources */,
			);
			runOnlyForDeploymentPostprocessing = 0;
		};
/* End PBXResourcesBuildPhase section */

/* Begin PBXSourcesBuildPhase section */
		C2B91F192ACADA1300793947 /* Sources */ = {
			isa = PBXSourcesBuildPhase;
			buildActionMask = 2147483647;
			files = (
				C2B91F212ACADA1300793947 /* AppDelegate.swift in Sources */,
				C2B91F432ACAE56F00793947 /* SearchController.swift in Sources */,
				C2B91F562ACB252800793947 /* MovieViewCell.swift in Sources */,
				C2B91F232ACADA1300793947 /* SceneDelegate.swift in Sources */,
				C2B91F472ACB003900793947 /* HomeViewModel.swift in Sources */,
				C2B91F452ACAF71100793947 /* CarouselViewCell.swift in Sources */,
				C2CF91952ACDA56D00CB82FC /* InspectorViewModel.swift in Sources */,
				C2CF91912ACDA4D600CB82FC /* InspectorController.swift in Sources */,
				C2B91F4C2ACB0A3200793947 /* Constants.swift in Sources */,
				C2B91F412ACAE44F00793947 /* MainTabController.swift in Sources */,
				C2B4ED882ACB2CD500314A5B /* CarouselViewModel.swift in Sources */,
				C24CF2862ACF34F100C8EFE4 /* SearchMovieViewModel.swift in Sources */,
				C2B91F4A2ACB09FD00793947 /* MovieService.swift in Sources */,
				C2B91F3B2ACADB0700793947 /* HomeController.swift in Sources */,
				C2B4ED862ACB2B2700314A5B /* MovieViewModel.swift in Sources */,
				C24CF2842ACF34E600C8EFE4 /* SearchMovieCell.swift in Sources */,
				C24CF2812ACF1C4300C8EFE4 /* SearchViewModel.swift in Sources */,
				C2B91F502ACB15CA00793947 /* Movie.swift in Sources */,
				C2B91F3D2ACADCF500793947 /* Extensions.swift in Sources */,
			);
			runOnlyForDeploymentPostprocessing = 0;
		};
/* End PBXSourcesBuildPhase section */

/* Begin PBXVariantGroup section */
		C2B91F2B2ACADA1500793947 /* LaunchScreen.storyboard */ = {
			isa = PBXVariantGroup;
			children = (
				C2B91F2C2ACADA1500793947 /* Base */,
			);
			name = LaunchScreen.storyboard;
			sourceTree = "<group>";
		};
/* End PBXVariantGroup section */

/* Begin XCBuildConfiguration section */
		C2B91F2F2ACADA1500793947 /* Debug */ = {
			isa = XCBuildConfiguration;
			buildSettings = {
				ALWAYS_SEARCH_USER_PATHS = NO;
				CLANG_ANALYZER_NONNULL = YES;
				CLANG_ANALYZER_NUMBER_OBJECT_CONVERSION = YES_AGGRESSIVE;
				CLANG_CXX_LANGUAGE_STANDARD = "gnu++20";
				CLANG_ENABLE_MODULES = YES;
				CLANG_ENABLE_OBJC_ARC = YES;
				CLANG_ENABLE_OBJC_WEAK = YES;
				CLANG_WARN_BLOCK_CAPTURE_AUTORELEASING = YES;
				CLANG_WARN_BOOL_CONVERSION = YES;
				CLANG_WARN_COMMA = YES;
				CLANG_WARN_CONSTANT_CONVERSION = YES;
				CLANG_WARN_DEPRECATED_OBJC_IMPLEMENTATIONS = YES;
				CLANG_WARN_DIRECT_OBJC_ISA_USAGE = YES_ERROR;
				CLANG_WARN_DOCUMENTATION_COMMENTS = YES;
				CLANG_WARN_EMPTY_BODY = YES;
				CLANG_WARN_ENUM_CONVERSION = YES;
				CLANG_WARN_INFINITE_RECURSION = YES;
				CLANG_WARN_INT_CONVERSION = YES;
				CLANG_WARN_NON_LITERAL_NULL_CONVERSION = YES;
				CLANG_WARN_OBJC_IMPLICIT_RETAIN_SELF = YES;
				CLANG_WARN_OBJC_LITERAL_CONVERSION = YES;
				CLANG_WARN_OBJC_ROOT_CLASS = YES_ERROR;
				CLANG_WARN_QUOTED_INCLUDE_IN_FRAMEWORK_HEADER = YES;
				CLANG_WARN_RANGE_LOOP_ANALYSIS = YES;
				CLANG_WARN_STRICT_PROTOTYPES = YES;
				CLANG_WARN_SUSPICIOUS_MOVE = YES;
				CLANG_WARN_UNGUARDED_AVAILABILITY = YES_AGGRESSIVE;
				CLANG_WARN_UNREACHABLE_CODE = YES;
				CLANG_WARN__DUPLICATE_METHOD_MATCH = YES;
				COPY_PHASE_STRIP = NO;
				DEBUG_INFORMATION_FORMAT = dwarf;
				ENABLE_STRICT_OBJC_MSGSEND = YES;
				ENABLE_TESTABILITY = YES;
				GCC_C_LANGUAGE_STANDARD = gnu11;
				GCC_DYNAMIC_NO_PIC = NO;
				GCC_NO_COMMON_BLOCKS = YES;
				GCC_OPTIMIZATION_LEVEL = 0;
				GCC_PREPROCESSOR_DEFINITIONS = (
					"DEBUG=1",
					"$(inherited)",
				);
				GCC_WARN_64_TO_32_BIT_CONVERSION = YES;
				GCC_WARN_ABOUT_RETURN_TYPE = YES_ERROR;
				GCC_WARN_UNDECLARED_SELECTOR = YES;
				GCC_WARN_UNINITIALIZED_AUTOS = YES_AGGRESSIVE;
				GCC_WARN_UNUSED_FUNCTION = YES;
				GCC_WARN_UNUSED_VARIABLE = YES;
				IPHONEOS_DEPLOYMENT_TARGET = 16.4;
				MTL_ENABLE_DEBUG_INFO = INCLUDE_SOURCE;
				MTL_FAST_MATH = YES;
				ONLY_ACTIVE_ARCH = YES;
				SDKROOT = iphoneos;
				SWIFT_ACTIVE_COMPILATION_CONDITIONS = DEBUG;
				SWIFT_OPTIMIZATION_LEVEL = "-Onone";
			};
			name = Debug;
		};
		C2B91F302ACADA1500793947 /* Release */ = {
			isa = XCBuildConfiguration;
			buildSettings = {
				ALWAYS_SEARCH_USER_PATHS = NO;
				CLANG_ANALYZER_NONNULL = YES;
				CLANG_ANALYZER_NUMBER_OBJECT_CONVERSION = YES_AGGRESSIVE;
				CLANG_CXX_LANGUAGE_STANDARD = "gnu++20";
				CLANG_ENABLE_MODULES = YES;
				CLANG_ENABLE_OBJC_ARC = YES;
				CLANG_ENABLE_OBJC_WEAK = YES;
				CLANG_WARN_BLOCK_CAPTURE_AUTORELEASING = YES;
				CLANG_WARN_BOOL_CONVERSION = YES;
				CLANG_WARN_COMMA = YES;
				CLANG_WARN_CONSTANT_CONVERSION = YES;
				CLANG_WARN_DEPRECATED_OBJC_IMPLEMENTATIONS = YES;
				CLANG_WARN_DIRECT_OBJC_ISA_USAGE = YES_ERROR;
				CLANG_WARN_DOCUMENTATION_COMMENTS = YES;
				CLANG_WARN_EMPTY_BODY = YES;
				CLANG_WARN_ENUM_CONVERSION = YES;
				CLANG_WARN_INFINITE_RECURSION = YES;
				CLANG_WARN_INT_CONVERSION = YES;
				CLANG_WARN_NON_LITERAL_NULL_CONVERSION = YES;
				CLANG_WARN_OBJC_IMPLICIT_RETAIN_SELF = YES;
				CLANG_WARN_OBJC_LITERAL_CONVERSION = YES;
				CLANG_WARN_OBJC_ROOT_CLASS = YES_ERROR;
				CLANG_WARN_QUOTED_INCLUDE_IN_FRAMEWORK_HEADER = YES;
				CLANG_WARN_RANGE_LOOP_ANALYSIS = YES;
				CLANG_WARN_STRICT_PROTOTYPES = YES;
				CLANG_WARN_SUSPICIOUS_MOVE = YES;
				CLANG_WARN_UNGUARDED_AVAILABILITY = YES_AGGRESSIVE;
				CLANG_WARN_UNREACHABLE_CODE = YES;
				CLANG_WARN__DUPLICATE_METHOD_MATCH = YES;
				COPY_PHASE_STRIP = NO;
				DEBUG_INFORMATION_FORMAT = "dwarf-with-dsym";
				ENABLE_NS_ASSERTIONS = NO;
				ENABLE_STRICT_OBJC_MSGSEND = YES;
				GCC_C_LANGUAGE_STANDARD = gnu11;
				GCC_NO_COMMON_BLOCKS = YES;
				GCC_WARN_64_TO_32_BIT_CONVERSION = YES;
				GCC_WARN_ABOUT_RETURN_TYPE = YES_ERROR;
				GCC_WARN_UNDECLARED_SELECTOR = YES;
				GCC_WARN_UNINITIALIZED_AUTOS = YES_AGGRESSIVE;
				GCC_WARN_UNUSED_FUNCTION = YES;
				GCC_WARN_UNUSED_VARIABLE = YES;
				IPHONEOS_DEPLOYMENT_TARGET = 16.4;
				MTL_ENABLE_DEBUG_INFO = NO;
				MTL_FAST_MATH = YES;
				SDKROOT = iphoneos;
				SWIFT_COMPILATION_MODE = wholemodule;
				SWIFT_OPTIMIZATION_LEVEL = "-O";
				VALIDATE_PRODUCT = YES;
			};
			name = Release;
		};
		C2B91F322ACADA1500793947 /* Debug */ = {
			isa = XCBuildConfiguration;
			buildSettings = {
				ASSETCATALOG_COMPILER_APPICON_NAME = AppIcon;
				ASSETCATALOG_COMPILER_GLOBAL_ACCENT_COLOR_NAME = AccentColor;
				CODE_SIGN_STYLE = Automatic;
				CURRENT_PROJECT_VERSION = 1;
				DEVELOPMENT_TEAM = 6Y92LH56N8;
				GENERATE_INFOPLIST_FILE = YES;
				INFOPLIST_FILE = FilmHubb/Info.plist;
				INFOPLIST_KEY_UIApplicationSupportsIndirectInputEvents = YES;
				INFOPLIST_KEY_UILaunchStoryboardName = LaunchScreen;
				INFOPLIST_KEY_UIMainStoryboardFile = Main;
				INFOPLIST_KEY_UISupportedInterfaceOrientations_iPad = "UIInterfaceOrientationPortrait UIInterfaceOrientationPortraitUpsideDown UIInterfaceOrientationLandscapeLeft UIInterfaceOrientationLandscapeRight";
				INFOPLIST_KEY_UISupportedInterfaceOrientations_iPhone = "UIInterfaceOrientationPortrait UIInterfaceOrientationLandscapeLeft UIInterfaceOrientationLandscapeRight";
				LD_RUNPATH_SEARCH_PATHS = (
					"$(inherited)",
					"@executable_path/Frameworks",
				);
				MARKETING_VERSION = 1.0;
				PRODUCT_BUNDLE_IDENTIFIER = com.alphanogn.FilmHubb;
				PRODUCT_NAME = "$(TARGET_NAME)";
				SWIFT_EMIT_LOC_STRINGS = YES;
				SWIFT_VERSION = 5.0;
				TARGETED_DEVICE_FAMILY = "1,2";
			};
			name = Debug;
		};
		C2B91F332ACADA1500793947 /* Release */ = {
			isa = XCBuildConfiguration;
			buildSettings = {
				ASSETCATALOG_COMPILER_APPICON_NAME = AppIcon;
				ASSETCATALOG_COMPILER_GLOBAL_ACCENT_COLOR_NAME = AccentColor;
				CODE_SIGN_STYLE = Automatic;
				CURRENT_PROJECT_VERSION = 1;
				DEVELOPMENT_TEAM = 6Y92LH56N8;
				GENERATE_INFOPLIST_FILE = YES;
				INFOPLIST_FILE = FilmHubb/Info.plist;
				INFOPLIST_KEY_UIApplicationSupportsIndirectInputEvents = YES;
				INFOPLIST_KEY_UILaunchStoryboardName = LaunchScreen;
				INFOPLIST_KEY_UIMainStoryboardFile = Main;
				INFOPLIST_KEY_UISupportedInterfaceOrientations_iPad = "UIInterfaceOrientationPortrait UIInterfaceOrientationPortraitUpsideDown UIInterfaceOrientationLandscapeLeft UIInterfaceOrientationLandscapeRight";
				INFOPLIST_KEY_UISupportedInterfaceOrientations_iPhone = "UIInterfaceOrientationPortrait UIInterfaceOrientationLandscapeLeft UIInterfaceOrientationLandscapeRight";
				LD_RUNPATH_SEARCH_PATHS = (
					"$(inherited)",
					"@executable_path/Frameworks",
				);
				MARKETING_VERSION = 1.0;
				PRODUCT_BUNDLE_IDENTIFIER = com.alphanogn.FilmHubb;
				PRODUCT_NAME = "$(TARGET_NAME)";
				SWIFT_EMIT_LOC_STRINGS = YES;
				SWIFT_VERSION = 5.0;
				TARGETED_DEVICE_FAMILY = "1,2";
			};
			name = Release;
		};
/* End XCBuildConfiguration section */

/* Begin XCConfigurationList section */
		C2B91F182ACADA1300793947 /* Build configuration list for PBXProject "FilmHubb" */ = {
			isa = XCConfigurationList;
			buildConfigurations = (
				C2B91F2F2ACADA1500793947 /* Debug */,
				C2B91F302ACADA1500793947 /* Release */,
			);
			defaultConfigurationIsVisible = 0;
			defaultConfigurationName = Release;
		};
		C2B91F312ACADA1500793947 /* Build configuration list for PBXNativeTarget "FilmHubb" */ = {
			isa = XCConfigurationList;
			buildConfigurations = (
				C2B91F322ACADA1500793947 /* Debug */,
				C2B91F332ACADA1500793947 /* Release */,
			);
			defaultConfigurationIsVisible = 0;
			defaultConfigurationName = Release;
		};
/* End XCConfigurationList section */

/* Begin XCRemoteSwiftPackageReference section */
		C2B4ED822ACB281300314A5B /* XCRemoteSwiftPackageReference "SDWebImage" */ = {
			isa = XCRemoteSwiftPackageReference;
			repositoryURL = "https://github.com/SDWebImage/SDWebImage.git";
			requirement = {
				kind = upToNextMajorVersion;
				minimumVersion = 5.1.0;
			};
		};
/* End XCRemoteSwiftPackageReference section */

/* Begin XCSwiftPackageProductDependency section */
		C2B4ED832ACB281300314A5B /* SDWebImage */ = {
			isa = XCSwiftPackageProductDependency;
			package = C2B4ED822ACB281300314A5B /* XCRemoteSwiftPackageReference "SDWebImage" */;
			productName = SDWebImage;
		};
/* End XCSwiftPackageProductDependency section */
	};
	rootObject = C2B91F152ACADA1300793947 /* Project object */;
}
